PODS:
  - NoMoreNetworkService (1.3.0)

DEPENDENCIES:
  - NoMoreNetworkService (from `../`)

EXTERNAL SOURCES:
  NoMoreNetworkService:
    :path: "../"

SPEC CHECKSUMS:
  NoMoreNetworkService: b0afbffa0098fc3e7f0691c50aef6a34e73fdcd0

PODFILE CHECKSUM: 6a366bb8ed4d0271ecfaf777f4a3d733a5db9e15

COCOAPODS: 1.15.2
