PODS:
  - NoMoreNetworkService (1.2.0)

DEPENDENCIES:
  - NoMoreNetworkService (from `../`)

EXTERNAL SOURCES:
  NoMoreNetworkService:
    :path: "../"

SPEC CHECKSUMS:
  NoMoreNetworkService: ecdc57fdee30591b0d96301683f408ef6bb7bdcf

PODFILE CHECKSUM: dc667ea2c2e8bff10aa535161d90fef4c9d91a9d

COCOAPODS: 1.15.2
