PODS:
  - NoMoreNetworkService (1.6.0)

DEPENDENCIES:
  - NoMoreNetworkService (from `../`)

EXTERNAL SOURCES:
  NoMoreNetworkService:
    :path: "../"

SPEC CHECKSUMS:
  NoMoreNetworkService: a61e8bcfea9483961168a6d1dcecb1c71e60b575

PODFILE CHECKSUM: 6a366bb8ed4d0271ecfaf777f4a3d733a5db9e15

COCOAPODS: 1.16.2
